
Microsoft Visual Studio Solution File, Format Version 12.00
# Visual Studio Version 17
VisualStudioVersion = 17.14.36623.8 d17.14
MinimumVisualStudioVersion = 10.0.40219.1
Project("{8BC9CEB8-8B4A-11D0-8D11-00A0C91BC942}") = "Quiz4", "Quiz4\Quiz4.vcxproj", "{E0402A2B-F9A4-439B-8331-A8C8C58AEC0C}"
EndProject
Global
	GlobalSection(SolutionConfigurationPlatforms) = preSolution
		Debug|x64 = Debug|x64
		Debug|x86 = Debug|x86
		Release|x64 = Release|x64
		Release|x86 = Release|x86
	EndGlobalSection
	GlobalSection(ProjectConfigurationPlatforms) = postSolution
		{E0402A2B-F9A4-439B-8331-A8C8C58AEC0C}.Debug|x64.ActiveCfg = Debug|x64
		{E0402A2B-F9A4-439B-8331-A8C8C58AEC0C}.Debug|x64.Build.0 = Debug|x64
		{E0402A2B-F9A4-439B-8331-A8C8C58AEC0C}.Debug|x86.ActiveCfg = Debug|Win32
		{E0402A2B-F9A4-439B-8331-A8C8C58AEC0C}.Debug|x86.Build.0 = Debug|Win32
		{E0402A2B-F9A4-439B-8331-A8C8C58AEC0C}.Release|x64.ActiveCfg = Release|x64
		{E0402A2B-F9A4-439B-8331-A8C8C58AEC0C}.Release|x64.Build.0 = Release|x64
		{E0402A2B-F9A4-439B-8331-A8C8C58AEC0C}.Release|x86.ActiveCfg = Release|Win32
		{E0402A2B-F9A4-439B-8331-A8C8C58AEC0C}.Release|x86.Build.0 = Release|Win32
	EndGlobalSection
	GlobalSection(SolutionProperties) = preSolution
		HideSolutionNode = FALSE
	EndGlobalSection
	GlobalSection(ExtensibilityGlobals) = postSolution
		SolutionGuid = {9FC4E047-C36C-4C8C-ADF4-92439C5AE2E3}
	EndGlobalSection
EndGlobal
